
Microsoft Visual Studio Solution File, Format Version 12.00
# Visual Studio Version 17
VisualStudioVersion = 17.11.35327.3
MinimumVisualStudioVersion = 10.0.40219.1
Project("{FAE04EC0-301F-11D3-BF4B-00C04F79EFBC}") = "DailyDiary", "DailyDiary\DailyDiary.csproj", "{CA51C79E-A84E-486F-B747-3CB98FBAA83A}"
EndProject
Global
	GlobalSection(SolutionConfigurationPlatforms) = preSolution
		Debug|Any CPU = Debug|Any CPU
		Release|Any CPU = Release|Any CPU
	EndGlobalSection
	GlobalSection(ProjectConfigurationPlatforms) = postSolution
		{CA51C79E-A84E-486F-B747-3CB98FBAA83A}.Debug|Any CPU.ActiveCfg = Debug|Any CPU
		{CA51C79E-A84E-486F-B747-3CB98FBAA83A}.Debug|Any CPU.Build.0 = Debug|Any CPU
		{CA51C79E-A84E-486F-B747-3CB98FBAA83A}.Release|Any CPU.ActiveCfg = Release|Any CPU
		{CA51C79E-A84E-486F-B747-3CB98FBAA83A}.Release|Any CPU.Build.0 = Release|Any CPU
	EndGlobalSection
	GlobalSection(SolutionProperties) = preSolution
		HideSolutionNode = FALSE
	EndGlobalSection
	GlobalSection(ExtensibilityGlobals) = postSolution
		SolutionGuid = {DFB32D1D-4388-4AF3-83AB-7779279768F1}
	EndGlobalSection
EndGlobal
